// !$*UTF8*$!
{
	archiveVersion = 1;
	classes = {
	};
	objectVersion = 77;
	objects = {

/* Begin PBXBuildFile section */
		16A6A15223D40ED549E0ABFD /* ARSessionManager.swift in Sources */ = {isa = PBXBuildFile; fileRef = 273B73CCF190382314E1920B /* ARSessionManager.swift */; };
		52A5591D85D3CE99AD024B8E /* CaptureSettings.swift in Sources */ = {isa = PBXBuildFile; fileRef = E666FC1AA51B3B7D25A35133 /* CaptureSettings.swift */; };
		94974348AB01F66CCF7A573E /* Hand2WorldCamApp.swift in Sources */ = {isa = PBXBuildFile; fileRef = 12898A164974737E27CB9812 /* Hand2WorldCamApp.swift */; };
		AF762BBE35571885A212DDBF /* FrameSender.swift in Sources */ = {isa = PBXBuildFile; fileRef = 9B41FC6036C328C999FA91D2 /* FrameSender.swift */; };
		AFE8DEF964CD02FFA777E5EE /* ContentView.swift in Sources */ = {isa = PBXBuildFile; fileRef = 880ECA972C307DC64030F484 /* ContentView.swift */; };
		D30F1304F9FCA18BADF9CF58 /* Assets.xcassets in Resources */ = {isa = PBXBuildFile; fileRef = F27DA7B9E3AFB3FF0E74C5A0 /* Assets.xcassets */; };
/* End PBXBuildFile section */

/* Begin PBXFileReference section */
		12898A164974737E27CB9812 /* Hand2WorldCamApp.swift */ = {isa = PBXFileReference; lastKnownFileType = sourcecode.swift; path = Hand2WorldCamApp.swift; sourceTree = "<group>"; };
		273B73CCF190382314E1920B /* ARSessionManager.swift */ = {isa = PBXFileReference; lastKnownFileType = sourcecode.swift; path = ARSessionManager.swift; sourceTree = "<group>"; };
		880ECA972C307DC64030F484 /* ContentView.swift */ = {isa = PBXFileReference; lastKnownFileType = sourcecode.swift; path = ContentView.swift; sourceTree = "<group>"; };
		9B41FC6036C328C999FA91D2 /* FrameSender.swift */ = {isa = PBXFileReference; lastKnownFileType = sourcecode.swift; path = FrameSender.swift; sourceTree = "<group>"; };
		CEF3B0A8A08BEA1150BD5ACF /* Info.plist */ = {isa = PBXFileReference; lastKnownFileType = text.plist; path = Info.plist; sourceTree = "<group>"; };
		DF9A934165680F929F4419DE /* hand2world-cam.app */ = {isa = PBXFileReference; explicitFileType = wrapper.application; includeInIndex = 0; path = "hand2world-cam.app"; sourceTree = BUILT_PRODUCTS_DIR; };
		E666FC1AA51B3B7D25A35133 /* CaptureSettings.swift */ = {isa = PBXFileReference; lastKnownFileType = sourcecode.swift; path = CaptureSettings.swift; sourceTree = "<group>"; };
		F27DA7B9E3AFB3FF0E74C5A0 /* Assets.xcassets */ = {isa = PBXFileReference; lastKnownFileType = folder.assetcatalog; path = Assets.xcassets; sourceTree = "<group>"; };
/* End PBXFileReference section */

/* Begin PBXGroup section */
		446E171999297F88A43AD2A0 = {
			isa = PBXGroup;
			children = (
				886273DF6B5DB036ED13A31A /* hand2world-cam */,
				DE1488C1A253C74E5B4C04A9 /* Products */,
			);
			sourceTree = "<group>";
		};
		886273DF6B5DB036ED13A31A /* hand2world-cam */ = {
			isa = PBXGroup;
			children = (
				273B73CCF190382314E1920B /* ARSessionManager.swift */,
				F27DA7B9E3AFB3FF0E74C5A0 /* Assets.xcassets */,
				E666FC1AA51B3B7D25A35133 /* CaptureSettings.swift */,
				880ECA972C307DC64030F484 /* ContentView.swift */,
				9B41FC6036C328C999FA91D2 /* FrameSender.swift */,
				12898A164974737E27CB9812 /* Hand2WorldCamApp.swift */,
				CEF3B0A8A08BEA1150BD5ACF /* Info.plist */,
			);
			path = "hand2world-cam";
			sourceTree = "<group>";
		};
		DE1488C1A253C74E5B4C04A9 /* Products */ = {
			isa = PBXGroup;
			children = (
				DF9A934165680F929F4419DE /* hand2world-cam.app */,
			);
			name = Products;
			sourceTree = "<group>";
		};
/* End PBXGroup section */

/* Begin PBXNativeTarget section */
		FDB106A882D3C6216814662F /* hand2world-cam */ = {
			isa = PBXNativeTarget;
			buildConfigurationList = A72577DF638229E1F16E3957 /* Build configuration list for PBXNativeTarget "hand2world-cam" */;
			buildPhases = (
				FFBF8F4A71B87B8324F846E6 /* Sources */,
				C653C14FD6E010A94364CC9F /* Resources */,
			);
			buildRules = (
			);
			dependencies = (
			);
			name = "hand2world-cam";
			packageProductDependencies = (
			);
			productName = "hand2world-cam";
			productReference = DF9A934165680F929F4419DE /* hand2world-cam.app */;
			productType = "com.apple.product-type.application";
		};
/* End PBXNativeTarget section */

/* Begin PBXProject section */
		176CD39D059F5873F2A4D5BC /* Project object */ = {
			isa = PBXProject;
			attributes = {
				BuildIndependentTargetsInParallel = YES;
				LastUpgradeCheck = 1500;
				TargetAttributes = {
					FDB106A882D3C6216814662F = {
						ProvisioningStyle = Automatic;
					};
				};
			};
			buildConfigurationList = BBEAC568BF864196BEDB6B72 /* Build configuration list for PBXProject "hand2world-cam" */;
			developmentRegion = en;
			hasScannedForEncodings = 0;
			knownRegions = (
				Base,
				en,
			);
			mainGroup = 446E171999297F88A43AD2A0;
			minimizedProjectReferenceProxies = 1;
			preferredProjectObjectVersion = 77;
			productRefGroup = DE1488C1A253C74E5B4C04A9 /* Products */;
			projectDirPath = "";
			projectRoot = "";
			targets = (
				FDB106A882D3C6216814662F /* hand2world-cam */,
			);
		};
/* End PBXProject section */

/* Begin PBXResourcesBuildPhase section */
		C653C14FD6E010A94364CC9F /* Resources */ = {
			isa = PBXResourcesBuildPhase;
			buildActionMask = 2147483647;
			files = (
				D30F1304F9FCA18BADF9CF58 /* Assets.xcassets in Resources */,
			);
			runOnlyForDeploymentPostprocessing = 0;
		};
/* End PBXResourcesBuildPhase section */

/* Begin PBXSourcesBuildPhase section */
		FFBF8F4A71B87B8324F846E6 /* Sources */ = {
			isa = PBXSourcesBuildPhase;
			buildActionMask = 2147483647;
			files = (
				16A6A15223D40ED549E0ABFD /* ARSessionManager.swift in Sources */,
				52A5591D85D3CE99AD024B8E /* CaptureSettings.swift in Sources */,
				AFE8DEF964CD02FFA777E5EE /* ContentView.swift in Sources */,
				AF762BBE35571885A212DDBF /* FrameSender.swift in Sources */,
				94974348AB01F66CCF7A573E /* Hand2WorldCamApp.swift in Sources */,
			);
			runOnlyForDeploymentPostprocessing = 0;
		};
/* End PBXSourcesBuildPhase section */

/* Begin XCBuildConfiguration section */
		2D533DEE8EA976528DEB5022 /* Debug */ = {
			isa = XCBuildConfiguration;
			buildSettings = {
				ALWAYS_SEARCH_USER_PATHS = NO;
				CLANG_ANALYZER_NONNULL = YES;
				CLANG_ANALYZER_NUMBER_OBJECT_CONVERSION = YES_AGGRESSIVE;
				CLANG_CXX_LANGUAGE_STANDARD = "gnu++14";
				CLANG_CXX_LIBRARY = "libc++";
				CLANG_ENABLE_MODULES = YES;
				CLANG_ENABLE_OBJC_ARC = YES;
				CLANG_ENABLE_OBJC_WEAK = YES;
				CLANG_WARN_BLOCK_CAPTURE_AUTORELEASING = YES;
				CLANG_WARN_BOOL_CONVERSION = YES;
				CLANG_WARN_COMMA = YES;
				CLANG_WARN_CONSTANT_CONVERSION = YES;
				CLANG_WARN_DEPRECATED_OBJC_IMPLEMENTATIONS = YES;
				CLANG_WARN_DIRECT_OBJC_ISA_USAGE = YES_ERROR;
				CLANG_WARN_DOCUMENTATION_COMMENTS = YES;
				CLANG_WARN_EMPTY_BODY = YES;
				CLANG_WARN_ENUM_CONVERSION = YES;
				CLANG_WARN_INFINITE_RECURSION = YES;
				CLANG_WARN_INT_CONVERSION = YES;
				CLANG_WARN_NON_LITERAL_NULL_CONVERSION = YES;
				CLANG_WARN_OBJC_IMPLICIT_RETAIN_SELF = YES;
				CLANG_WARN_OBJC_LITERAL_CONVERSION = YES;
				CLANG_WARN_OBJC_ROOT_CLASS = YES_ERROR;
				CLANG_WARN_QUOTED_INCLUDE_IN_FRAMEWORK_HEADER = YES;
				CLANG_WARN_RANGE_LOOP_ANALYSIS = YES;
				CLANG_WARN_STRICT_PROTOTYPES = YES;
				CLANG_WARN_SUSPICIOUS_MOVE = YES;
				CLANG_WARN_UNGUARDED_AVAILABILITY = YES_AGGRESSIVE;
				CLANG_WARN_UNREACHABLE_CODE = YES;
				CLANG_WARN__DUPLICATE_METHOD_MATCH = YES;
				COPY_PHASE_STRIP = NO;
				DEBUG_INFORMATION_FORMAT = dwarf;
				DEVELOPMENT_LANGUAGE = en;
				ENABLE_STRICT_OBJC_MSGSEND = YES;
				ENABLE_TESTABILITY = YES;
				ENABLE_USER_SCRIPT_SANDBOXING = NO;
				GCC_C_LANGUAGE_STANDARD = gnu11;
				GCC_DYNAMIC_NO_PIC = NO;
				GCC_NO_COMMON_BLOCKS = YES;
				GCC_OPTIMIZATION_LEVEL = 0;
				GCC_PREPROCESSOR_DEFINITIONS = (
					"$(inherited)",
					"DEBUG=1",
				);
				GCC_WARN_64_TO_32_BIT_CONVERSION = YES;
				GCC_WARN_ABOUT_RETURN_TYPE = YES_ERROR;
				GCC_WARN_UNDECLARED_SELECTOR = YES;
				GCC_WARN_UNINITIALIZED_AUTOS = YES_AGGRESSIVE;
				GCC_WARN_UNUSED_FUNCTION = YES;
				GCC_WARN_UNUSED_VARIABLE = YES;
				IPHONEOS_DEPLOYMENT_TARGET = 17.0;
				MTL_ENABLE_DEBUG_INFO = INCLUDE_SOURCE;
				MTL_FAST_MATH = YES;
				ONLY_ACTIVE_ARCH = YES;
				PRODUCT_NAME = "$(TARGET_NAME)";
				SDKROOT = iphoneos;
				SWIFT_ACTIVE_COMPILATION_CONDITIONS = DEBUG;
				SWIFT_OPTIMIZATION_LEVEL = "-Onone";
				SWIFT_VERSION = 5.9;
			};
			name = Debug;
		};
		DC5F997753DEAEA90453E319 /* Release */ = {
			isa = XCBuildConfiguration;
			buildSettings = {
				ASSETCATALOG_COMPILER_APPICON_NAME = AppIcon;
				CODE_SIGN_IDENTITY = "Apple Development";
				CODE_SIGN_STYLE = Automatic;
				CURRENT_PROJECT_VERSION = 1;
				GENERATE_INFOPLIST_FILE = NO;
				INFOPLIST_FILE = "hand2world-cam/Info.plist";
				LD_RUNPATH_SEARCH_PATHS = (
					"$(inherited)",
					"@executable_path/Frameworks",
				);
				MARKETING_VERSION = 0.1.0;
				PRODUCT_BUNDLE_IDENTIFIER = com.hand2world.cam;
				PRODUCT_NAME = "hand2world-cam";
				SDKROOT = iphoneos;
				TARGETED_DEVICE_FAMILY = "1,2";
			};
			name = Release;
		};
		DDC7443F819389F62235B5B9 /* Release */ = {
			isa = XCBuildConfiguration;
			buildSettings = {
				ALWAYS_SEARCH_USER_PATHS = NO;
				CLANG_ANALYZER_NONNULL = YES;
				CLANG_ANALYZER_NUMBER_OBJECT_CONVERSION = YES_AGGRESSIVE;
				CLANG_CXX_LANGUAGE_STANDARD = "gnu++14";
				CLANG_CXX_LIBRARY = "libc++";
				CLANG_ENABLE_MODULES = YES;
				CLANG_ENABLE_OBJC_ARC = YES;
				CLANG_ENABLE_OBJC_WEAK = YES;
				CLANG_WARN_BLOCK_CAPTURE_AUTORELEASING = YES;
				CLANG_WARN_BOOL_CONVERSION = YES;
				CLANG_WARN_COMMA = YES;
				CLANG_WARN_CONSTANT_CONVERSION = YES;
				CLANG_WARN_DEPRECATED_OBJC_IMPLEMENTATIONS = YES;
				CLANG_WARN_DIRECT_OBJC_ISA_USAGE = YES_ERROR;
				CLANG_WARN_DOCUMENTATION_COMMENTS = YES;
				CLANG_WARN_EMPTY_BODY = YES;
				CLANG_WARN_ENUM_CONVERSION = YES;
				CLANG_WARN_INFINITE_RECURSION = YES;
				CLANG_WARN_INT_CONVERSION = YES;
				CLANG_WARN_NON_LITERAL_NULL_CONVERSION = YES;
				CLANG_WARN_OBJC_IMPLICIT_RETAIN_SELF = YES;
				CLANG_WARN_OBJC_LITERAL_CONVERSION = YES;
				CLANG_WARN_OBJC_ROOT_CLASS = YES_ERROR;
				CLANG_WARN_QUOTED_INCLUDE_IN_FRAMEWORK_HEADER = YES;
				CLANG_WARN_RANGE_LOOP_ANALYSIS = YES;
				CLANG_WARN_STRICT_PROTOTYPES = YES;
				CLANG_WARN_SUSPICIOUS_MOVE = YES;
				CLANG_WARN_UNGUARDED_AVAILABILITY = YES_AGGRESSIVE;
				CLANG_WARN_UNREACHABLE_CODE = YES;
				CLANG_WARN__DUPLICATE_METHOD_MATCH = YES;
				COPY_PHASE_STRIP = NO;
				DEBUG_INFORMATION_FORMAT = "dwarf-with-dsym";
				DEVELOPMENT_LANGUAGE = en;
				ENABLE_NS_ASSERTIONS = NO;
				ENABLE_STRICT_OBJC_MSGSEND = YES;
				ENABLE_USER_SCRIPT_SANDBOXING = NO;
				GCC_C_LANGUAGE_STANDARD = gnu11;
				GCC_NO_COMMON_BLOCKS = YES;
				GCC_WARN_64_TO_32_BIT_CONVERSION = YES;
				GCC_WARN_ABOUT_RETURN_TYPE = YES_ERROR;
				GCC_WARN_UNDECLARED_SELECTOR = YES;
				GCC_WARN_UNINITIALIZED_AUTOS = YES_AGGRESSIVE;
				GCC_WARN_UNUSED_FUNCTION = YES;
				GCC_WARN_UNUSED_VARIABLE = YES;
				IPHONEOS_DEPLOYMENT_TARGET = 17.0;
				MTL_ENABLE_DEBUG_INFO = NO;
				MTL_FAST_MATH = YES;
				PRODUCT_NAME = "$(TARGET_NAME)";
				SDKROOT = iphoneos;
				SWIFT_COMPILATION_MODE = wholemodule;
				SWIFT_OPTIMIZATION_LEVEL = "-O";
				SWIFT_VERSION = 5.9;
			};
			name = Release;
		};
		E97B28A5388A146F5817B2DD /* Debug */ = {
			isa = XCBuildConfiguration;
			buildSettings = {
				ASSETCATALOG_COMPILER_APPICON_NAME = AppIcon;
				CODE_SIGN_IDENTITY = "Apple Development";
				CODE_SIGN_STYLE = Automatic;
				CURRENT_PROJECT_VERSION = 1;
				GENERATE_INFOPLIST_FILE = NO;
				INFOPLIST_FILE = "hand2world-cam/Info.plist";
				LD_RUNPATH_SEARCH_PATHS = (
					"$(inherited)",
					"@executable_path/Frameworks",
				);
				MARKETING_VERSION = 0.1.0;
				PRODUCT_BUNDLE_IDENTIFIER = com.hand2world.cam;
				PRODUCT_NAME = "hand2world-cam";
				SDKROOT = iphoneos;
				TARGETED_DEVICE_FAMILY = "1,2";
			};
			name = Debug;
		};
/* End XCBuildConfiguration section */

/* Begin XCConfigurationList section */
		A72577DF638229E1F16E3957 /* Build configuration list for PBXNativeTarget "hand2world-cam" */ = {
			isa = XCConfigurationList;
			buildConfigurations = (
				E97B28A5388A146F5817B2DD /* Debug */,
				DC5F997753DEAEA90453E319 /* Release */,
			);
			defaultConfigurationIsVisible = 0;
			defaultConfigurationName = Debug;
		};
		BBEAC568BF864196BEDB6B72 /* Build configuration list for PBXProject "hand2world-cam" */ = {
			isa = XCConfigurationList;
			buildConfigurations = (
				2D533DEE8EA976528DEB5022 /* Debug */,
				DDC7443F819389F62235B5B9 /* Release */,
			);
			defaultConfigurationIsVisible = 0;
			defaultConfigurationName = Debug;
		};
/* End XCConfigurationList section */
	};
	rootObject = 176CD39D059F5873F2A4D5BC /* Project object */;
}
